
Microsoft Visual Studio Solution File, Format Version 12.00
# Visual Studio Version 17
VisualStudioVersion = 17.8.34330.188
MinimumVisualStudioVersion = 10.0.40219.1
Project("{FAE04EC0-301F-11D3-BF4B-00C04F79EFBC}") = "LeandroCurioso.PongGame", "LeandroCurioso.PongGame\LeandroCurioso.PongGame.csproj", "{F987DA3A-98EC-494E-AD81-DA3EC10A0A09}"
EndProject
Global
	GlobalSection(SolutionConfigurationPlatforms) = preSolution
		Debug|Any CPU = Debug|Any CPU
		Release|Any CPU = Release|Any CPU
	EndGlobalSection
	GlobalSection(ProjectConfigurationPlatforms) = postSolution
		{F987DA3A-98EC-494E-AD81-DA3EC10A0A09}.Debug|Any CPU.ActiveCfg = Debug|Any CPU
		{F987DA3A-98EC-494E-AD81-DA3EC10A0A09}.Debug|Any CPU.Build.0 = Debug|Any CPU
		{F987DA3A-98EC-494E-AD81-DA3EC10A0A09}.Release|Any CPU.ActiveCfg = Release|Any CPU
		{F987DA3A-98EC-494E-AD81-DA3EC10A0A09}.Release|Any CPU.Build.0 = Release|Any CPU
	EndGlobalSection
	GlobalSection(SolutionProperties) = preSolution
		HideSolutionNode = FALSE
	EndGlobalSection
	GlobalSection(ExtensibilityGlobals) = postSolution
		SolutionGuid = {27CD368C-873D-4CE7-AE70-2582DBA9BB26}
	EndGlobalSection
EndGlobal
